
Microsoft Visual Studio Solution File, Format Version 12.00
# Visual Studio 15
VisualStudioVersion = 15.0.28010.2046
MinimumVisualStudioVersion = 10.0.40219.1
Project("{FAE04EC0-301F-11D3-BF4B-00C04F79EFBC}") = "PKG TOOL GUI", "PKG TOOL GUI\PKG TOOL GUI.csproj", "{81B996A1-DE31-40E2-8317-999A46C99172}"
EndProject
Global
	GlobalSection(SolutionConfigurationPlatforms) = preSolution
		Debug|Any CPU = Debug|Any CPU
		Release|Any CPU = Release|Any CPU
	EndGlobalSection
	GlobalSection(ProjectConfigurationPlatforms) = postSolution
		{81B996A1-DE31-40E2-8317-999A46C99172}.Debug|Any CPU.ActiveCfg = Debug|Any CPU
		{81B996A1-DE31-40E2-8317-999A46C99172}.Debug|Any CPU.Build.0 = Debug|Any CPU
		{81B996A1-DE31-40E2-8317-999A46C99172}.Release|Any CPU.ActiveCfg = Release|Any CPU
		{81B996A1-DE31-40E2-8317-999A46C99172}.Release|Any CPU.Build.0 = Release|Any CPU
	EndGlobalSection
	GlobalSection(SolutionProperties) = preSolution
		HideSolutionNode = FALSE
	EndGlobalSection
	GlobalSection(ExtensibilityGlobals) = postSolution
		SolutionGuid = {E8CE4A72-B6BE-4E87-B5A6-5E855A6E4A57}
	EndGlobalSection
EndGlobal
